// !$*UTF8*$!
{
	archiveVersion = 1;
	classes = {
	};
	objectVersion = 48;
	objects = {

/* Begin PBXBuildFile section */
		49A3FEC420502CFE000CBE08 /* AppDelegate.swift in Sources */ = {isa = PBXBuildFile; fileRef = 49A3FEC320502CFE000CBE08 /* AppDelegate.swift */; };
		49A3FEC620502CFE000CBE08 /* ViewController.swift in Sources */ = {isa = PBXBuildFile; fileRef = 49A3FEC520502CFE000CBE08 /* ViewController.swift */; };
		49A3FEC820502CFE000CBE08 /* Assets.xcassets in Resources */ = {isa = PBXBuildFile; fileRef = 49A3FEC720502CFE000CBE08 /* Assets.xcassets */; };
		49A3FECB20502CFE000CBE08 /* Main.storyboard in Resources */ = {isa = PBXBuildFile; fileRef = 49A3FEC920502CFE000CBE08 /* Main.storyboard */; };
		49A3FED720502CFE000CBE08 /* StretchSenseAppTests.swift in Sources */ = {isa = PBXBuildFile; fileRef = 49A3FED620502CFE000CBE08 /* StretchSenseAppTests.swift */; };
		49A3FEE220502CFE000CBE08 /* StretchSenseAppUITests.swift in Sources */ = {isa = PBXBuildFile; fileRef = 49A3FEE120502CFE000CBE08 /* StretchSenseAppUITests.swift */; };
		49A3FEF120502E9A000CBE08 /* DataLogger.swift in Sources */ = {isa = PBXBuildFile; fileRef = 49A3FEEF20502E9A000CBE08 /* DataLogger.swift */; };
		49A3FEF220502E9A000CBE08 /* BluetoothWorker.swift in Sources */ = {isa = PBXBuildFile; fileRef = 49A3FEF020502E9A000CBE08 /* BluetoothWorker.swift */; };
		49A3FEF4205055EE000CBE08 /* GroundTruthLogger.swift in Sources */ = {isa = PBXBuildFile; fileRef = 49A3FEF3205055EE000CBE08 /* GroundTruthLogger.swift */; };
/* End PBXBuildFile section */

/* Begin PBXContainerItemProxy section */
		49A3FED320502CFE000CBE08 /* PBXContainerItemProxy */ = {
			isa = PBXContainerItemProxy;
			containerPortal = 49A3FEB820502CFE000CBE08 /* Project object */;
			proxyType = 1;
			remoteGlobalIDString = 49A3FEBF20502CFE000CBE08;
			remoteInfo = StretchSenseApp;
		};
		49A3FEDE20502CFE000CBE08 /* PBXContainerItemProxy */ = {
			isa = PBXContainerItemProxy;
			containerPortal = 49A3FEB820502CFE000CBE08 /* Project object */;
			proxyType = 1;
			remoteGlobalIDString = 49A3FEBF20502CFE000CBE08;
			remoteInfo = StretchSenseApp;
		};
/* End PBXContainerItemProxy section */

/* Begin PBXFileReference section */
		49A3FEC020502CFE000CBE08 /* StretchSenseApp.app */ = {isa = PBXFileReference; explicitFileType = wrapper.application; includeInIndex = 0; path = StretchSenseApp.app; sourceTree = BUILT_PRODUCTS_DIR; };
		49A3FEC320502CFE000CBE08 /* AppDelegate.swift */ = {isa = PBXFileReference; lastKnownFileType = sourcecode.swift; path = AppDelegate.swift; sourceTree = "<group>"; };
		49A3FEC520502CFE000CBE08 /* ViewController.swift */ = {isa = PBXFileReference; lastKnownFileType = sourcecode.swift; path = ViewController.swift; sourceTree = "<group>"; };
		49A3FEC720502CFE000CBE08 /* Assets.xcassets */ = {isa = PBXFileReference; lastKnownFileType = folder.assetcatalog; path = Assets.xcassets; sourceTree = "<group>"; };
		49A3FECA20502CFE000CBE08 /* Base */ = {isa = PBXFileReference; lastKnownFileType = file.storyboard; name = Base; path = Base.lproj/Main.storyboard; sourceTree = "<group>"; };
		49A3FECC20502CFE000CBE08 /* Info.plist */ = {isa = PBXFileReference; lastKnownFileType = text.plist.xml; path = Info.plist; sourceTree = "<group>"; };
		49A3FECD20502CFE000CBE08 /* StretchSenseApp.entitlements */ = {isa = PBXFileReference; lastKnownFileType = text.plist.entitlements; path = StretchSenseApp.entitlements; sourceTree = "<group>"; };
		49A3FED220502CFE000CBE08 /* StretchSenseAppTests.xctest */ = {isa = PBXFileReference; explicitFileType = wrapper.cfbundle; includeInIndex = 0; path = StretchSenseAppTests.xctest; sourceTree = BUILT_PRODUCTS_DIR; };
		49A3FED620502CFE000CBE08 /* StretchSenseAppTests.swift */ = {isa = PBXFileReference; lastKnownFileType = sourcecode.swift; path = StretchSenseAppTests.swift; sourceTree = "<group>"; };
		49A3FED820502CFE000CBE08 /* Info.plist */ = {isa = PBXFileReference; lastKnownFileType = text.plist.xml; path = Info.plist; sourceTree = "<group>"; };
		49A3FEDD20502CFE000CBE08 /* StretchSenseAppUITests.xctest */ = {isa = PBXFileReference; explicitFileType = wrapper.cfbundle; includeInIndex = 0; path = StretchSenseAppUITests.xctest; sourceTree = BUILT_PRODUCTS_DIR; };
		49A3FEE120502CFE000CBE08 /* StretchSenseAppUITests.swift */ = {isa = PBXFileReference; lastKnownFileType = sourcecode.swift; path = StretchSenseAppUITests.swift; sourceTree = "<group>"; };
		49A3FEE320502CFE000CBE08 /* Info.plist */ = {isa = PBXFileReference; lastKnownFileType = text.plist.xml; path = Info.plist; sourceTree = "<group>"; };
		49A3FEEF20502E9A000CBE08 /* DataLogger.swift */ = {isa = PBXFileReference; fileEncoding = 4; lastKnownFileType = sourcecode.swift; path = DataLogger.swift; sourceTree = "<group>"; };
		49A3FEF020502E9A000CBE08 /* BluetoothWorker.swift */ = {isa = PBXFileReference; fileEncoding = 4; lastKnownFileType = sourcecode.swift; path = BluetoothWorker.swift; sourceTree = "<group>"; };
		49A3FEF3205055EE000CBE08 /* GroundTruthLogger.swift */ = {isa = PBXFileReference; lastKnownFileType = sourcecode.swift; path = GroundTruthLogger.swift; sourceTree = "<group>"; };
/* End PBXFileReference section */

/* Begin PBXFrameworksBuildPhase section */
		49A3FEBD20502CFE000CBE08 /* Frameworks */ = {
			isa = PBXFrameworksBuildPhase;
			buildActionMask = 2147483647;
			files = (
			);
			runOnlyForDeploymentPostprocessing = 0;
		};
		49A3FECF20502CFE000CBE08 /* Frameworks */ = {
			isa = PBXFrameworksBuildPhase;
			buildActionMask = 2147483647;
			files = (
			);
			runOnlyForDeploymentPostprocessing = 0;
		};
		49A3FEDA20502CFE000CBE08 /* Frameworks */ = {
			isa = PBXFrameworksBuildPhase;
			buildActionMask = 2147483647;
			files = (
			);
			runOnlyForDeploymentPostprocessing = 0;
		};
/* End PBXFrameworksBuildPhase section */

/* Begin PBXGroup section */
		49A3FEB720502CFE000CBE08 = {
			isa = PBXGroup;
			children = (
				49A3FEC220502CFE000CBE08 /* StretchSenseApp */,
				49A3FED520502CFE000CBE08 /* StretchSenseAppTests */,
				49A3FEE020502CFE000CBE08 /* StretchSenseAppUITests */,
				49A3FEC120502CFE000CBE08 /* Products */,
			);
			sourceTree = "<group>";
		};
		49A3FEC120502CFE000CBE08 /* Products */ = {
			isa = PBXGroup;
			children = (
				49A3FEC020502CFE000CBE08 /* StretchSenseApp.app */,
				49A3FED220502CFE000CBE08 /* StretchSenseAppTests.xctest */,
				49A3FEDD20502CFE000CBE08 /* StretchSenseAppUITests.xctest */,
			);
			name = Products;
			sourceTree = "<group>";
		};
		49A3FEC220502CFE000CBE08 /* StretchSenseApp */ = {
			isa = PBXGroup;
			children = (
				49A3FEF020502E9A000CBE08 /* BluetoothWorker.swift */,
				49A3FEEF20502E9A000CBE08 /* DataLogger.swift */,
				49A3FEC320502CFE000CBE08 /* AppDelegate.swift */,
				49A3FEC520502CFE000CBE08 /* ViewController.swift */,
				49A3FEC720502CFE000CBE08 /* Assets.xcassets */,
				49A3FEC920502CFE000CBE08 /* Main.storyboard */,
				49A3FECC20502CFE000CBE08 /* Info.plist */,
				49A3FECD20502CFE000CBE08 /* StretchSenseApp.entitlements */,
				49A3FEF3205055EE000CBE08 /* GroundTruthLogger.swift */,
			);
			path = StretchSenseApp;
			sourceTree = "<group>";
		};
		49A3FED520502CFE000CBE08 /* StretchSenseAppTests */ = {
			isa = PBXGroup;
			children = (
				49A3FED620502CFE000CBE08 /* StretchSenseAppTests.swift */,
				49A3FED820502CFE000CBE08 /* Info.plist */,
			);
			path = StretchSenseAppTests;
			sourceTree = "<group>";
		};
		49A3FEE020502CFE000CBE08 /* StretchSenseAppUITests */ = {
			isa = PBXGroup;
			children = (
				49A3FEE120502CFE000CBE08 /* StretchSenseAppUITests.swift */,
				49A3FEE320502CFE000CBE08 /* Info.plist */,
			);
			path = StretchSenseAppUITests;
			sourceTree = "<group>";
		};
/* End PBXGroup section */

/* Begin PBXNativeTarget section */
		49A3FEBF20502CFE000CBE08 /* StretchSenseApp */ = {
			isa = PBXNativeTarget;
			buildConfigurationList = 49A3FEE620502CFE000CBE08 /* Build configuration list for PBXNativeTarget "StretchSenseApp" */;
			buildPhases = (
				49A3FEBC20502CFE000CBE08 /* Sources */,
				49A3FEBD20502CFE000CBE08 /* Frameworks */,
				49A3FEBE20502CFE000CBE08 /* Resources */,
			);
			buildRules = (
			);
			dependencies = (
			);
			name = StretchSenseApp;
			productName = StretchSenseApp;
			productReference = 49A3FEC020502CFE000CBE08 /* StretchSenseApp.app */;
			productType = "com.apple.product-type.application";
		};
		49A3FED120502CFE000CBE08 /* StretchSenseAppTests */ = {
			isa = PBXNativeTarget;
			buildConfigurationList = 49A3FEE920502CFE000CBE08 /* Build configuration list for PBXNativeTarget "StretchSenseAppTests" */;
			buildPhases = (
				49A3FECE20502CFE000CBE08 /* Sources */,
				49A3FECF20502CFE000CBE08 /* Frameworks */,
				49A3FED020502CFE000CBE08 /* Resources */,
			);
			buildRules = (
			);
			dependencies = (
				49A3FED420502CFE000CBE08 /* PBXTargetDependency */,
			);
			name = StretchSenseAppTests;
			productName = StretchSenseAppTests;
			productReference = 49A3FED220502CFE000CBE08 /* StretchSenseAppTests.xctest */;
			productType = "com.apple.product-type.bundle.unit-test";
		};
		49A3FEDC20502CFE000CBE08 /* StretchSenseAppUITests */ = {
			isa = PBXNativeTarget;
			buildConfigurationList = 49A3FEEC20502CFE000CBE08 /* Build configuration list for PBXNativeTarget "StretchSenseAppUITests" */;
			buildPhases = (
				49A3FED920502CFE000CBE08 /* Sources */,
				49A3FEDA20502CFE000CBE08 /* Frameworks */,
				49A3FEDB20502CFE000CBE08 /* Resources */,
			);
			buildRules = (
			);
			dependencies = (
				49A3FEDF20502CFE000CBE08 /* PBXTargetDependency */,
			);
			name = StretchSenseAppUITests;
			productName = StretchSenseAppUITests;
			productReference = 49A3FEDD20502CFE000CBE08 /* StretchSenseAppUITests.xctest */;
			productType = "com.apple.product-type.bundle.ui-testing";
		};
/* End PBXNativeTarget section */

/* Begin PBXProject section */
		49A3FEB820502CFE000CBE08 /* Project object */ = {
			isa = PBXProject;
			attributes = {
				LastSwiftUpdateCheck = 0920;
				LastUpgradeCheck = 0920;
				ORGANIZATIONNAME = "Justin Whitlock";
				TargetAttributes = {
					49A3FEBF20502CFE000CBE08 = {
						CreatedOnToolsVersion = 9.2;
						ProvisioningStyle = Automatic;
						SystemCapabilities = {
							com.apple.Sandbox = {
								enabled = 0;
							};
						};
					};
					49A3FED120502CFE000CBE08 = {
						CreatedOnToolsVersion = 9.2;
						ProvisioningStyle = Automatic;
						TestTargetID = 49A3FEBF20502CFE000CBE08;
					};
					49A3FEDC20502CFE000CBE08 = {
						CreatedOnToolsVersion = 9.2;
						ProvisioningStyle = Automatic;
						TestTargetID = 49A3FEBF20502CFE000CBE08;
					};
				};
			};
			buildConfigurationList = 49A3FEBB20502CFE000CBE08 /* Build configuration list for PBXProject "StretchSenseApp" */;
			compatibilityVersion = "Xcode 8.0";
			developmentRegion = en;
			hasScannedForEncodings = 0;
			knownRegions = (
				en,
				Base,
			);
			mainGroup = 49A3FEB720502CFE000CBE08;
			productRefGroup = 49A3FEC120502CFE000CBE08 /* Products */;
			projectDirPath = "";
			projectRoot = "";
			targets = (
				49A3FEBF20502CFE000CBE08 /* StretchSenseApp */,
				49A3FED120502CFE000CBE08 /* StretchSenseAppTests */,
				49A3FEDC20502CFE000CBE08 /* StretchSenseAppUITests */,
			);
		};
/* End PBXProject section */

/* Begin PBXResourcesBuildPhase section */
		49A3FEBE20502CFE000CBE08 /* Resources */ = {
			isa = PBXResourcesBuildPhase;
			buildActionMask = 2147483647;
			files = (
				49A3FEC820502CFE000CBE08 /* Assets.xcassets in Resources */,
				49A3FECB20502CFE000CBE08 /* Main.storyboard in Resources */,
			);
			runOnlyForDeploymentPostprocessing = 0;
		};
		49A3FED020502CFE000CBE08 /* Resources */ = {
			isa = PBXResourcesBuildPhase;
			buildActionMask = 2147483647;
			files = (
			);
			runOnlyForDeploymentPostprocessing = 0;
		};
		49A3FEDB20502CFE000CBE08 /* Resources */ = {
			isa = PBXResourcesBuildPhase;
			buildActionMask = 2147483647;
			files = (
			);
			runOnlyForDeploymentPostprocessing = 0;
		};
/* End PBXResourcesBuildPhase section */

/* Begin PBXSourcesBuildPhase section */
		49A3FEBC20502CFE000CBE08 /* Sources */ = {
			isa = PBXSourcesBuildPhase;
			buildActionMask = 2147483647;
			files = (
				49A3FEF220502E9A000CBE08 /* BluetoothWorker.swift in Sources */,
				49A3FEC620502CFE000CBE08 /* ViewController.swift in Sources */,
				49A3FEF120502E9A000CBE08 /* DataLogger.swift in Sources */,
				49A3FEF4205055EE000CBE08 /* GroundTruthLogger.swift in Sources */,
				49A3FEC420502CFE000CBE08 /* AppDelegate.swift in Sources */,
			);
			runOnlyForDeploymentPostprocessing = 0;
		};
		49A3FECE20502CFE000CBE08 /* Sources */ = {
			isa = PBXSourcesBuildPhase;
			buildActionMask = 2147483647;
			files = (
				49A3FED720502CFE000CBE08 /* StretchSenseAppTests.swift in Sources */,
			);
			runOnlyForDeploymentPostprocessing = 0;
		};
		49A3FED920502CFE000CBE08 /* Sources */ = {
			isa = PBXSourcesBuildPhase;
			buildActionMask = 2147483647;
			files = (
				49A3FEE220502CFE000CBE08 /* StretchSenseAppUITests.swift in Sources */,
			);
			runOnlyForDeploymentPostprocessing = 0;
		};
/* End PBXSourcesBuildPhase section */

/* Begin PBXTargetDependency section */
		49A3FED420502CFE000CBE08 /* PBXTargetDependency */ = {
			isa = PBXTargetDependency;
			target = 49A3FEBF20502CFE000CBE08 /* StretchSenseApp */;
			targetProxy = 49A3FED320502CFE000CBE08 /* PBXContainerItemProxy */;
		};
		49A3FEDF20502CFE000CBE08 /* PBXTargetDependency */ = {
			isa = PBXTargetDependency;
			target = 49A3FEBF20502CFE000CBE08 /* StretchSenseApp */;
			targetProxy = 49A3FEDE20502CFE000CBE08 /* PBXContainerItemProxy */;
		};
/* End PBXTargetDependency section */

/* Begin PBXVariantGroup section */
		49A3FEC920502CFE000CBE08 /* Main.storyboard */ = {
			isa = PBXVariantGroup;
			children = (
				49A3FECA20502CFE000CBE08 /* Base */,
			);
			name = Main.storyboard;
			sourceTree = "<group>";
		};
/* End PBXVariantGroup section */

/* Begin XCBuildConfiguration section */
		49A3FEE420502CFE000CBE08 /* Debug */ = {
			isa = XCBuildConfiguration;
			buildSettings = {
				ALWAYS_SEARCH_USER_PATHS = NO;
				CLANG_ANALYZER_NONNULL = YES;
				CLANG_ANALYZER_NUMBER_OBJECT_CONVERSION = YES_AGGRESSIVE;
				CLANG_CXX_LANGUAGE_STANDARD = "gnu++14";
				CLANG_CXX_LIBRARY = "libc++";
				CLANG_ENABLE_MODULES = YES;
				CLANG_ENABLE_OBJC_ARC = YES;
				CLANG_WARN_BLOCK_CAPTURE_AUTORELEASING = YES;
				CLANG_WARN_BOOL_CONVERSION = YES;
				CLANG_WARN_COMMA = YES;
				CLANG_WARN_CONSTANT_CONVERSION = YES;
				CLANG_WARN_DIRECT_OBJC_ISA_USAGE = YES_ERROR;
				CLANG_WARN_DOCUMENTATION_COMMENTS = YES;
				CLANG_WARN_EMPTY_BODY = YES;
				CLANG_WARN_ENUM_CONVERSION = YES;
				CLANG_WARN_INFINITE_RECURSION = YES;
				CLANG_WARN_INT_CONVERSION = YES;
				CLANG_WARN_NON_LITERAL_NULL_CONVERSION = YES;
				CLANG_WARN_OBJC_LITERAL_CONVERSION = YES;
				CLANG_WARN_OBJC_ROOT_CLASS = YES_ERROR;
				CLANG_WARN_RANGE_LOOP_ANALYSIS = YES;
				CLANG_WARN_STRICT_PROTOTYPES = YES;
				CLANG_WARN_SUSPICIOUS_MOVE = YES;
				CLANG_WARN_UNGUARDED_AVAILABILITY = YES_AGGRESSIVE;
				CLANG_WARN_UNREACHABLE_CODE = YES;
				CLANG_WARN__DUPLICATE_METHOD_MATCH = YES;
				CODE_SIGN_IDENTITY = "Mac Developer";
				COPY_PHASE_STRIP = NO;
				DEBUG_INFORMATION_FORMAT = dwarf;
				ENABLE_STRICT_OBJC_MSGSEND = YES;
				ENABLE_TESTABILITY = YES;
				GCC_C_LANGUAGE_STANDARD = gnu11;
				GCC_DYNAMIC_NO_PIC = NO;
				GCC_NO_COMMON_BLOCKS = YES;
				GCC_OPTIMIZATION_LEVEL = 0;
				GCC_PREPROCESSOR_DEFINITIONS = (
					"DEBUG=1",
					"$(inherited)",
				);
				GCC_WARN_64_TO_32_BIT_CONVERSION = YES;
				GCC_WARN_ABOUT_RETURN_TYPE = YES_ERROR;
				GCC_WARN_UNDECLARED_SELECTOR = YES;
				GCC_WARN_UNINITIALIZED_AUTOS = YES_AGGRESSIVE;
				GCC_WARN_UNUSED_FUNCTION = YES;
				GCC_WARN_UNUSED_VARIABLE = YES;
				MACOSX_DEPLOYMENT_TARGET = 10.13;
				MTL_ENABLE_DEBUG_INFO = YES;
				ONLY_ACTIVE_ARCH = YES;
				SDKROOT = macosx;
				SWIFT_ACTIVE_COMPILATION_CONDITIONS = DEBUG;
				SWIFT_OPTIMIZATION_LEVEL = "-Onone";
			};
			name = Debug;
		};
		49A3FEE520502CFE000CBE08 /* Release */ = {
			isa = XCBuildConfiguration;
			buildSettings = {
				ALWAYS_SEARCH_USER_PATHS = NO;
				CLANG_ANALYZER_NONNULL = YES;
				CLANG_ANALYZER_NUMBER_OBJECT_CONVERSION = YES_AGGRESSIVE;
				CLANG_CXX_LANGUAGE_STANDARD = "gnu++14";
				CLANG_CXX_LIBRARY = "libc++";
				CLANG_ENABLE_MODULES = YES;
				CLANG_ENABLE_OBJC_ARC = YES;
				CLANG_WARN_BLOCK_CAPTURE_AUTORELEASING = YES;
				CLANG_WARN_BOOL_CONVERSION = YES;
				CLANG_WARN_COMMA = YES;
				CLANG_WARN_CONSTANT_CONVERSION = YES;
				CLANG_WARN_DIRECT_OBJC_ISA_USAGE = YES_ERROR;
				CLANG_WARN_DOCUMENTATION_COMMENTS = YES;
				CLANG_WARN_EMPTY_BODY = YES;
				CLANG_WARN_ENUM_CONVERSION = YES;
				CLANG_WARN_INFINITE_RECURSION = YES;
				CLANG_WARN_INT_CONVERSION = YES;
				CLANG_WARN_NON_LITERAL_NULL_CONVERSION = YES;
				CLANG_WARN_OBJC_LITERAL_CONVERSION = YES;
				CLANG_WARN_OBJC_ROOT_CLASS = YES_ERROR;
				CLANG_WARN_RANGE_LOOP_ANALYSIS = YES;
				CLANG_WARN_STRICT_PROTOTYPES = YES;
				CLANG_WARN_SUSPICIOUS_MOVE = YES;
				CLANG_WARN_UNGUARDED_AVAILABILITY = YES_AGGRESSIVE;
				CLANG_WARN_UNREACHABLE_CODE = YES;
				CLANG_WARN__DUPLICATE_METHOD_MATCH = YES;
				CODE_SIGN_IDENTITY = "Mac Developer";
				COPY_PHASE_STRIP = NO;
				DEBUG_INFORMATION_FORMAT = "dwarf-with-dsym";
				ENABLE_NS_ASSERTIONS = NO;
				ENABLE_STRICT_OBJC_MSGSEND = YES;
				GCC_C_LANGUAGE_STANDARD = gnu11;
				GCC_NO_COMMON_BLOCKS = YES;
				GCC_WARN_64_TO_32_BIT_CONVERSION = YES;
				GCC_WARN_ABOUT_RETURN_TYPE = YES_ERROR;
				GCC_WARN_UNDECLARED_SELECTOR = YES;
				GCC_WARN_UNINITIALIZED_AUTOS = YES_AGGRESSIVE;
				GCC_WARN_UNUSED_FUNCTION = YES;
				GCC_WARN_UNUSED_VARIABLE = YES;
				MACOSX_DEPLOYMENT_TARGET = 10.13;
				MTL_ENABLE_DEBUG_INFO = NO;
				SDKROOT = macosx;
				SWIFT_OPTIMIZATION_LEVEL = "-Owholemodule";
			};
			name = Release;
		};
		49A3FEE720502CFE000CBE08 /* Debug */ = {
			isa = XCBuildConfiguration;
			buildSettings = {
				ASSETCATALOG_COMPILER_APPICON_NAME = AppIcon;
				CODE_SIGN_STYLE = Automatic;
				COMBINE_HIDPI_IMAGES = YES;
				DEVELOPMENT_TEAM = 9UYNGK5T3A;
				INFOPLIST_FILE = StretchSenseApp/Info.plist;
				LD_RUNPATH_SEARCH_PATHS = "$(inherited) @executable_path/../Frameworks";
				PRODUCT_BUNDLE_IDENTIFIER = com.example.StretchSenseApp;
				PRODUCT_NAME = "$(TARGET_NAME)";
				SWIFT_VERSION = 4.0;
			};
			name = Debug;
		};
		49A3FEE820502CFE000CBE08 /* Release */ = {
			isa = XCBuildConfiguration;
			buildSettings = {
				ASSETCATALOG_COMPILER_APPICON_NAME = AppIcon;
				CODE_SIGN_STYLE = Automatic;
				COMBINE_HIDPI_IMAGES = YES;
				DEVELOPMENT_TEAM = 9UYNGK5T3A;
				INFOPLIST_FILE = StretchSenseApp/Info.plist;
				LD_RUNPATH_SEARCH_PATHS = "$(inherited) @executable_path/../Frameworks";
				PRODUCT_BUNDLE_IDENTIFIER = com.example.StretchSenseApp;
				PRODUCT_NAME = "$(TARGET_NAME)";
				SWIFT_VERSION = 4.0;
			};
			name = Release;
		};
		49A3FEEA20502CFE000CBE08 /* Debug */ = {
			isa = XCBuildConfiguration;
			buildSettings = {
				ALWAYS_EMBED_SWIFT_STANDARD_LIBRARIES = YES;
				BUNDLE_LOADER = "$(TEST_HOST)";
				CODE_SIGN_STYLE = Automatic;
				COMBINE_HIDPI_IMAGES = YES;
				DEVELOPMENT_TEAM = 9UYNGK5T3A;
				INFOPLIST_FILE = StretchSenseAppTests/Info.plist;
				LD_RUNPATH_SEARCH_PATHS = "$(inherited) @executable_path/../Frameworks @loader_path/../Frameworks";
				PRODUCT_BUNDLE_IDENTIFIER = com.example.StretchSenseAppTests;
				PRODUCT_NAME = "$(TARGET_NAME)";
				SWIFT_VERSION = 4.0;
				TEST_HOST = "$(BUILT_PRODUCTS_DIR)/StretchSenseApp.app/Contents/MacOS/StretchSenseApp";
			};
			name = Debug;
		};
		49A3FEEB20502CFE000CBE08 /* Release */ = {
			isa = XCBuildConfiguration;
			buildSettings = {
				ALWAYS_EMBED_SWIFT_STANDARD_LIBRARIES = YES;
				BUNDLE_LOADER = "$(TEST_HOST)";
				CODE_SIGN_STYLE = Automatic;
				COMBINE_HIDPI_IMAGES = YES;
				DEVELOPMENT_TEAM = 9UYNGK5T3A;
				INFOPLIST_FILE = StretchSenseAppTests/Info.plist;
				LD_RUNPATH_SEARCH_PATHS = "$(inherited) @executable_path/../Frameworks @loader_path/../Frameworks";
				PRODUCT_BUNDLE_IDENTIFIER = com.example.StretchSenseAppTests;
				PRODUCT_NAME = "$(TARGET_NAME)";
				SWIFT_VERSION = 4.0;
				TEST_HOST = "$(BUILT_PRODUCTS_DIR)/StretchSenseApp.app/Contents/MacOS/StretchSenseApp";
			};
			name = Release;
		};
		49A3FEED20502CFE000CBE08 /* Debug */ = {
			isa = XCBuildConfiguration;
			buildSettings = {
				ALWAYS_EMBED_SWIFT_STANDARD_LIBRARIES = YES;
				CODE_SIGN_STYLE = Automatic;
				COMBINE_HIDPI_IMAGES = YES;
				DEVELOPMENT_TEAM = 9UYNGK5T3A;
				INFOPLIST_FILE = StretchSenseAppUITests/Info.plist;
				LD_RUNPATH_SEARCH_PATHS = "$(inherited) @executable_path/../Frameworks @loader_path/../Frameworks";
				PRODUCT_BUNDLE_IDENTIFIER = com.example.StretchSenseAppUITests;
				PRODUCT_NAME = "$(TARGET_NAME)";
				SWIFT_VERSION = 4.0;
				TEST_TARGET_NAME = StretchSenseApp;
			};
			name = Debug;
		};
		49A3FEEE20502CFE000CBE08 /* Release */ = {
			isa = XCBuildConfiguration;
			buildSettings = {
				ALWAYS_EMBED_SWIFT_STANDARD_LIBRARIES = YES;
				CODE_SIGN_STYLE = Automatic;
				COMBINE_HIDPI_IMAGES = YES;
				DEVELOPMENT_TEAM = 9UYNGK5T3A;
				INFOPLIST_FILE = StretchSenseAppUITests/Info.plist;
				LD_RUNPATH_SEARCH_PATHS = "$(inherited) @executable_path/../Frameworks @loader_path/../Frameworks";
				PRODUCT_BUNDLE_IDENTIFIER = com.example.StretchSenseAppUITests;
				PRODUCT_NAME = "$(TARGET_NAME)";
				SWIFT_VERSION = 4.0;
				TEST_TARGET_NAME = StretchSenseApp;
			};
			name = Release;
		};
/* End XCBuildConfiguration section */

/* Begin XCConfigurationList section */
		49A3FEBB20502CFE000CBE08 /* Build configuration list for PBXProject "StretchSenseApp" */ = {
			isa = XCConfigurationList;
			buildConfigurations = (
				49A3FEE420502CFE000CBE08 /* Debug */,
				49A3FEE520502CFE000CBE08 /* Release */,
			);
			defaultConfigurationIsVisible = 0;
			defaultConfigurationName = Release;
		};
		49A3FEE620502CFE000CBE08 /* Build configuration list for PBXNativeTarget "StretchSenseApp" */ = {
			isa = XCConfigurationList;
			buildConfigurations = (
				49A3FEE720502CFE000CBE08 /* Debug */,
				49A3FEE820502CFE000CBE08 /* Release */,
			);
			defaultConfigurationIsVisible = 0;
			defaultConfigurationName = Release;
		};
		49A3FEE920502CFE000CBE08 /* Build configuration list for PBXNativeTarget "StretchSenseAppTests" */ = {
			isa = XCConfigurationList;
			buildConfigurations = (
				49A3FEEA20502CFE000CBE08 /* Debug */,
				49A3FEEB20502CFE000CBE08 /* Release */,
			);
			defaultConfigurationIsVisible = 0;
			defaultConfigurationName = Release;
		};
		49A3FEEC20502CFE000CBE08 /* Build configuration list for PBXNativeTarget "StretchSenseAppUITests" */ = {
			isa = XCConfigurationList;
			buildConfigurations = (
				49A3FEED20502CFE000CBE08 /* Debug */,
				49A3FEEE20502CFE000CBE08 /* Release */,
			);
			defaultConfigurationIsVisible = 0;
			defaultConfigurationName = Release;
		};
/* End XCConfigurationList section */
	};
	rootObject = 49A3FEB820502CFE000CBE08 /* Project object */;
}
